
Microsoft Visual Studio Solution File, Format Version 12.00
# Visual Studio Version 17
VisualStudioVersion = 17.5.002.0
MinimumVisualStudioVersion = 10.0.40219.1
Project("{9A19103F-16F7-4668-BE54-9A1E7A4F7556}") = "Screen sound G", "Screen sound G.csproj", "{74DB885F-6747-43A2-B566-98264A5295F1}"
EndProject
Global
	GlobalSection(SolutionConfigurationPlatforms) = preSolution
		Debug|Any CPU = Debug|Any CPU
		Release|Any CPU = Release|Any CPU
	EndGlobalSection
	GlobalSection(ProjectConfigurationPlatforms) = postSolution
		{74DB885F-6747-43A2-B566-98264A5295F1}.Debug|Any CPU.ActiveCfg = Debug|Any CPU
		{74DB885F-6747-43A2-B566-98264A5295F1}.Debug|Any CPU.Build.0 = Debug|Any CPU
		{74DB885F-6747-43A2-B566-98264A5295F1}.Release|Any CPU.ActiveCfg = Release|Any CPU
		{74DB885F-6747-43A2-B566-98264A5295F1}.Release|Any CPU.Build.0 = Release|Any CPU
	EndGlobalSection
	GlobalSection(SolutionProperties) = preSolution
		HideSolutionNode = FALSE
	EndGlobalSection
	GlobalSection(ExtensibilityGlobals) = postSolution
		SolutionGuid = {E1D95296-66F8-4391-B531-45FF0F5BA74E}
	EndGlobalSection
EndGlobal
